// !$*UTF8*$!
{
	archiveVersion = 1;
	classes = {
	};
	objectVersion = 46;
	objects = {

/* Begin PBXBuildFile section */
		455137771C87A44E002EF123 /* PhotoCropEditor.framework in Frameworks */ = {isa = PBXBuildFile; fileRef = 455137761C87A443002EF123 /* PhotoCropEditor.framework */; };
		455137781C87A44E002EF123 /* PhotoCropEditor.framework in Embed Frameworks */ = {isa = PBXBuildFile; fileRef = 455137761C87A443002EF123 /* PhotoCropEditor.framework */; settings = {ATTRIBUTES = (CodeSignOnCopy, RemoveHeadersOnCopy, ); }; };
		45B6C6DC1C862ACC0045716B /* AppDelegate.swift in Sources */ = {isa = PBXBuildFile; fileRef = 45B6C6DB1C862ACC0045716B /* AppDelegate.swift */; };
		45B6C6DE1C862ACC0045716B /* ViewController.swift in Sources */ = {isa = PBXBuildFile; fileRef = 45B6C6DD1C862ACC0045716B /* ViewController.swift */; };
		45B6C6E11C862ACC0045716B /* Main.storyboard in Resources */ = {isa = PBXBuildFile; fileRef = 45B6C6DF1C862ACC0045716B /* Main.storyboard */; };
		45B6C6E31C862ACC0045716B /* Assets.xcassets in Resources */ = {isa = PBXBuildFile; fileRef = 45B6C6E21C862ACC0045716B /* Assets.xcassets */; };
		45B6C6E61C862ACC0045716B /* LaunchScreen.storyboard in Resources */ = {isa = PBXBuildFile; fileRef = 45B6C6E41C862ACC0045716B /* LaunchScreen.storyboard */; };
/* End PBXBuildFile section */

/* Begin PBXContainerItemProxy section */
		455137751C87A443002EF123 /* PBXContainerItemProxy */ = {
			isa = PBXContainerItemProxy;
			containerPortal = 455137711C87A443002EF123 /* PhotoCropEditor.xcodeproj */;
			proxyType = 2;
			remoteGlobalIDString = 45AE404C1C7FDF290070B257;
			remoteInfo = PhotoCropEditor;
		};
		455137791C87A44E002EF123 /* PBXContainerItemProxy */ = {
			isa = PBXContainerItemProxy;
			containerPortal = 455137711C87A443002EF123 /* PhotoCropEditor.xcodeproj */;
			proxyType = 1;
			remoteGlobalIDString = 45AE404B1C7FDF290070B257;
			remoteInfo = PhotoCropEditor;
		};
/* End PBXContainerItemProxy section */

/* Begin PBXCopyFilesBuildPhase section */
		45B6C6F71C862D4C0045716B /* Embed Frameworks */ = {
			isa = PBXCopyFilesBuildPhase;
			buildActionMask = 2147483647;
			dstPath = "";
			dstSubfolderSpec = 10;
			files = (
				455137781C87A44E002EF123 /* PhotoCropEditor.framework in Embed Frameworks */,
			);
			name = "Embed Frameworks";
			runOnlyForDeploymentPostprocessing = 0;
		};
/* End PBXCopyFilesBuildPhase section */

/* Begin PBXFileReference section */
		455137711C87A443002EF123 /* PhotoCropEditor.xcodeproj */ = {isa = PBXFileReference; lastKnownFileType = "wrapper.pb-project"; name = PhotoCropEditor.xcodeproj; path = ../PhotoCropEditor.xcodeproj; sourceTree = "<group>"; };
		45B6C6D81C862ACC0045716B /* Example.app */ = {isa = PBXFileReference; explicitFileType = wrapper.application; includeInIndex = 0; path = Example.app; sourceTree = BUILT_PRODUCTS_DIR; };
		45B6C6DB1C862ACC0045716B /* AppDelegate.swift */ = {isa = PBXFileReference; lastKnownFileType = sourcecode.swift; path = AppDelegate.swift; sourceTree = "<group>"; };
		45B6C6DD1C862ACC0045716B /* ViewController.swift */ = {isa = PBXFileReference; lastKnownFileType = sourcecode.swift; path = ViewController.swift; sourceTree = "<group>"; };
		45B6C6E01C862ACC0045716B /* Base */ = {isa = PBXFileReference; lastKnownFileType = file.storyboard; name = Base; path = Base.lproj/Main.storyboard; sourceTree = "<group>"; };
		45B6C6E21C862ACC0045716B /* Assets.xcassets */ = {isa = PBXFileReference; lastKnownFileType = folder.assetcatalog; path = Assets.xcassets; sourceTree = "<group>"; };
		45B6C6E51C862ACC0045716B /* Base */ = {isa = PBXFileReference; lastKnownFileType = file.storyboard; name = Base; path = Base.lproj/LaunchScreen.storyboard; sourceTree = "<group>"; };
		45B6C6E71C862ACC0045716B /* Info.plist */ = {isa = PBXFileReference; lastKnownFileType = text.plist.xml; path = Info.plist; sourceTree = "<group>"; };
/* End PBXFileReference section */

/* Begin PBXFrameworksBuildPhase section */
		45B6C6D51C862ACC0045716B /* Frameworks */ = {
			isa = PBXFrameworksBuildPhase;
			buildActionMask = 2147483647;
			files = (
				455137771C87A44E002EF123 /* PhotoCropEditor.framework in Frameworks */,
			);
			runOnlyForDeploymentPostprocessing = 0;
		};
/* End PBXFrameworksBuildPhase section */

/* Begin PBXGroup section */
		455137721C87A443002EF123 /* Products */ = {
			isa = PBXGroup;
			children = (
				455137761C87A443002EF123 /* PhotoCropEditor.framework */,
			);
			name = Products;
			sourceTree = "<group>";
		};
		45B6C6CF1C862ACC0045716B = {
			isa = PBXGroup;
			children = (
				455137711C87A443002EF123 /* PhotoCropEditor.xcodeproj */,
				45B6C6DA1C862ACC0045716B /* Example */,
				45B6C6D91C862ACC0045716B /* Products */,
			);
			sourceTree = "<group>";
		};
		45B6C6D91C862ACC0045716B /* Products */ = {
			isa = PBXGroup;
			children = (
				45B6C6D81C862ACC0045716B /* Example.app */,
			);
			name = Products;
			sourceTree = "<group>";
		};
		45B6C6DA1C862ACC0045716B /* Example */ = {
			isa = PBXGroup;
			children = (
				45B6C6DB1C862ACC0045716B /* AppDelegate.swift */,
				45B6C6DD1C862ACC0045716B /* ViewController.swift */,
				45B6C6DF1C862ACC0045716B /* Main.storyboard */,
				45B6C6E21C862ACC0045716B /* Assets.xcassets */,
				45B6C6E41C862ACC0045716B /* LaunchScreen.storyboard */,
				45B6C6E71C862ACC0045716B /* Info.plist */,
			);
			path = Example;
			sourceTree = "<group>";
		};
/* End PBXGroup section */

/* Begin PBXNativeTarget section */
		45B6C6D71C862ACC0045716B /* Example */ = {
			isa = PBXNativeTarget;
			buildConfigurationList = 45B6C6EA1C862ACC0045716B /* Build configuration list for PBXNativeTarget "Example" */;
			buildPhases = (
				45B6C6D41C862ACC0045716B /* Sources */,
				45B6C6D51C862ACC0045716B /* Frameworks */,
				45B6C6D61C862ACC0045716B /* Resources */,
				45B6C6F71C862D4C0045716B /* Embed Frameworks */,
			);
			buildRules = (
			);
			dependencies = (
				4551377A1C87A44E002EF123 /* PBXTargetDependency */,
			);
			name = Example;
			productName = Example;
			productReference = 45B6C6D81C862ACC0045716B /* Example.app */;
			productType = "com.apple.product-type.application";
		};
/* End PBXNativeTarget section */

/* Begin PBXProject section */
		45B6C6D01C862ACC0045716B /* Project object */ = {
			isa = PBXProject;
			attributes = {
				LastSwiftUpdateCheck = 0720;
				LastUpgradeCheck = 0720;
				ORGANIZATIONNAME = "Reefactor, Inc.";
				TargetAttributes = {
					45B6C6D71C862ACC0045716B = {
						CreatedOnToolsVersion = 7.2.1;
					};
				};
			};
			buildConfigurationList = 45B6C6D31C862ACC0045716B /* Build configuration list for PBXProject "Example" */;
			compatibilityVersion = "Xcode 3.2";
			developmentRegion = English;
			hasScannedForEncodings = 0;
			knownRegions = (
				en,
				Base,
			);
			mainGroup = 45B6C6CF1C862ACC0045716B;
			productRefGroup = 45B6C6D91C862ACC0045716B /* Products */;
			projectDirPath = "";
			projectReferences = (
				{
					ProductGroup = 455137721C87A443002EF123 /* Products */;
					ProjectRef = 455137711C87A443002EF123 /* PhotoCropEditor.xcodeproj */;
				},
			);
			projectRoot = "";
			targets = (
				45B6C6D71C862ACC0045716B /* Example */,
			);
		};
/* End PBXProject section */

/* Begin PBXReferenceProxy section */
		455137761C87A443002EF123 /* PhotoCropEditor.framework */ = {
			isa = PBXReferenceProxy;
			fileType = wrapper.framework;
			path = PhotoCropEditor.framework;
			remoteRef = 455137751C87A443002EF123 /* PBXContainerItemProxy */;
			sourceTree = BUILT_PRODUCTS_DIR;
		};
/* End PBXReferenceProxy section */

/* Begin PBXResourcesBuildPhase section */
		45B6C6D61C862ACC0045716B /* Resources */ = {
			isa = PBXResourcesBuildPhase;
			buildActionMask = 2147483647;
			files = (
				45B6C6E61C862ACC0045716B /* LaunchScreen.storyboard in Resources */,
				45B6C6E31C862ACC0045716B /* Assets.xcassets in Resources */,
				45B6C6E11C862ACC0045716B /* Main.storyboard in Resources */,
			);
			runOnlyForDeploymentPostprocessing = 0;
		};
/* End PBXResourcesBuildPhase section */

/* Begin PBXSourcesBuildPhase section */
		45B6C6D41C862ACC0045716B /* Sources */ = {
			isa = PBXSourcesBuildPhase;
			buildActionMask = 2147483647;
			files = (
				45B6C6DE1C862ACC0045716B /* ViewController.swift in Sources */,
				45B6C6DC1C862ACC0045716B /* AppDelegate.swift in Sources */,
			);
			runOnlyForDeploymentPostprocessing = 0;
		};
/* End PBXSourcesBuildPhase section */

/* Begin PBXTargetDependency section */
		4551377A1C87A44E002EF123 /* PBXTargetDependency */ = {
			isa = PBXTargetDependency;
			name = PhotoCropEditor;
			targetProxy = 455137791C87A44E002EF123 /* PBXContainerItemProxy */;
		};
/* End PBXTargetDependency section */

/* Begin PBXVariantGroup section */
		45B6C6DF1C862ACC0045716B /* Main.storyboard */ = {
			isa = PBXVariantGroup;
			children = (
				45B6C6E01C862ACC0045716B /* Base */,
			);
			name = Main.storyboard;
			sourceTree = "<group>";
		};
		45B6C6E41C862ACC0045716B /* LaunchScreen.storyboard */ = {
			isa = PBXVariantGroup;
			children = (
				45B6C6E51C862ACC0045716B /* Base */,
			);
			name = LaunchScreen.storyboard;
			sourceTree = "<group>";
		};
/* End PBXVariantGroup section */

/* Begin XCBuildConfiguration section */
		45B6C6E81C862ACC0045716B /* Debug */ = {
			isa = XCBuildConfiguration;
			buildSettings = {
				ALWAYS_SEARCH_USER_PATHS = NO;
				CLANG_CXX_LANGUAGE_STANDARD = "gnu++0x";
				CLANG_CXX_LIBRARY = "libc++";
				CLANG_ENABLE_MODULES = YES;
				CLANG_ENABLE_OBJC_ARC = YES;
				CLANG_WARN_BOOL_CONVERSION = YES;
				CLANG_WARN_CONSTANT_CONVERSION = YES;
				CLANG_WARN_DIRECT_OBJC_ISA_USAGE = YES_ERROR;
				CLANG_WARN_EMPTY_BODY = YES;
				CLANG_WARN_ENUM_CONVERSION = YES;
				CLANG_WARN_INT_CONVERSION = YES;
				CLANG_WARN_OBJC_ROOT_CLASS = YES_ERROR;
				CLANG_WARN_UNREACHABLE_CODE = YES;
				CLANG_WARN__DUPLICATE_METHOD_MATCH = YES;
				"CODE_SIGN_IDENTITY[sdk=iphoneos*]" = "iPhone Developer";
				COPY_PHASE_STRIP = NO;
				DEBUG_INFORMATION_FORMAT = dwarf;
				ENABLE_STRICT_OBJC_MSGSEND = YES;
				ENABLE_TESTABILITY = YES;
				GCC_C_LANGUAGE_STANDARD = gnu99;
				GCC_DYNAMIC_NO_PIC = NO;
				GCC_NO_COMMON_BLOCKS = YES;
				GCC_OPTIMIZATION_LEVEL = 0;
				GCC_PREPROCESSOR_DEFINITIONS = (
					"DEBUG=1",
					"$(inherited)",
				);
				GCC_WARN_64_TO_32_BIT_CONVERSION = YES;
				GCC_WARN_ABOUT_RETURN_TYPE = YES_ERROR;
				GCC_WARN_UNDECLARED_SELECTOR = YES;
				GCC_WARN_UNINITIALIZED_AUTOS = YES_AGGRESSIVE;
				GCC_WARN_UNUSED_FUNCTION = YES;
				GCC_WARN_UNUSED_VARIABLE = YES;
				IPHONEOS_DEPLOYMENT_TARGET = 9.2;
				MTL_ENABLE_DEBUG_INFO = YES;
				ONLY_ACTIVE_ARCH = YES;
				SDKROOT = iphoneos;
				SWIFT_OPTIMIZATION_LEVEL = "-Onone";
			};
			name = Debug;
		};
		45B6C6E91C862ACC0045716B /* Release */ = {
			isa = XCBuildConfiguration;
			buildSettings = {
				ALWAYS_SEARCH_USER_PATHS = NO;
				CLANG_CXX_LANGUAGE_STANDARD = "gnu++0x";
				CLANG_CXX_LIBRARY = "libc++";
				CLANG_ENABLE_MODULES = YES;
				CLANG_ENABLE_OBJC_ARC = YES;
				CLANG_WARN_BOOL_CONVERSION = YES;
				CLANG_WARN_CONSTANT_CONVERSION = YES;
				CLANG_WARN_DIRECT_OBJC_ISA_USAGE = YES_ERROR;
				CLANG_WARN_EMPTY_BODY = YES;
				CLANG_WARN_ENUM_CONVERSION = YES;
				CLANG_WARN_INT_CONVERSION = YES;
				CLANG_WARN_OBJC_ROOT_CLASS = YES_ERROR;
				CLANG_WARN_UNREACHABLE_CODE = YES;
				CLANG_WARN__DUPLICATE_METHOD_MATCH = YES;
				"CODE_SIGN_IDENTITY[sdk=iphoneos*]" = "iPhone Developer";
				COPY_PHASE_STRIP = NO;
				DEBUG_INFORMATION_FORMAT = "dwarf-with-dsym";
				ENABLE_NS_ASSERTIONS = NO;
				ENABLE_STRICT_OBJC_MSGSEND = YES;
				GCC_C_LANGUAGE_STANDARD = gnu99;
				GCC_NO_COMMON_BLOCKS = YES;
				GCC_WARN_64_TO_32_BIT_CONVERSION = YES;
				GCC_WARN_ABOUT_RETURN_TYPE = YES_ERROR;
				GCC_WARN_UNDECLARED_SELECTOR = YES;
				GCC_WARN_UNINITIALIZED_AUTOS = YES_AGGRESSIVE;
				GCC_WARN_UNUSED_FUNCTION = YES;
				GCC_WARN_UNUSED_VARIABLE = YES;
				IPHONEOS_DEPLOYMENT_TARGET = 9.2;
				MTL_ENABLE_DEBUG_INFO = NO;
				SDKROOT = iphoneos;
				VALIDATE_PRODUCT = YES;
			};
			name = Release;
		};
		45B6C6EB1C862ACC0045716B /* Debug */ = {
			isa = XCBuildConfiguration;
			buildSettings = {
				ASSETCATALOG_COMPILER_APPICON_NAME = AppIcon;
				EMBEDDED_CONTENT_CONTAINS_SWIFT = YES;
				INFOPLIST_FILE = Example/Info.plist;
				LD_RUNPATH_SEARCH_PATHS = "$(inherited) @executable_path/Frameworks";
				PRODUCT_BUNDLE_IDENTIFIER = com.reefactor.Example;
				PRODUCT_NAME = "$(TARGET_NAME)";
			};
			name = Debug;
		};
		45B6C6EC1C862ACC0045716B /* Release */ = {
			isa = XCBuildConfiguration;
			buildSettings = {
				ASSETCATALOG_COMPILER_APPICON_NAME = AppIcon;
				EMBEDDED_CONTENT_CONTAINS_SWIFT = YES;
				INFOPLIST_FILE = Example/Info.plist;
				LD_RUNPATH_SEARCH_PATHS = "$(inherited) @executable_path/Frameworks";
				PRODUCT_BUNDLE_IDENTIFIER = com.reefactor.Example;
				PRODUCT_NAME = "$(TARGET_NAME)";
			};
			name = Release;
		};
/* End XCBuildConfiguration section */

/* Begin XCConfigurationList section */
		45B6C6D31C862ACC0045716B /* Build configuration list for PBXProject "Example" */ = {
			isa = XCConfigurationList;
			buildConfigurations = (
				45B6C6E81C862ACC0045716B /* Debug */,
				45B6C6E91C862ACC0045716B /* Release */,
			);
			defaultConfigurationIsVisible = 0;
			defaultConfigurationName = Release;
		};
		45B6C6EA1C862ACC0045716B /* Build configuration list for PBXNativeTarget "Example" */ = {
			isa = XCConfigurationList;
			buildConfigurations = (
				45B6C6EB1C862ACC0045716B /* Debug */,
				45B6C6EC1C862ACC0045716B /* Release */,
			);
			defaultConfigurationIsVisible = 0;
			defaultConfigurationName = Release;
		};
/* End XCConfigurationList section */
	};
	rootObject = 45B6C6D01C862ACC0045716B /* Project object */;
}
